
Microsoft Visual Studio Solution File, Format Version 12.00
# Visual Studio Version 16
VisualStudioVersion = 16.0.29209.62
MinimumVisualStudioVersion = 10.0.40219.1
Project("{2150E333-8FDC-42A3-9474-1A3956D46DE8}") = "Blog", "Blog", "{05AB21E9-7CE5-4B33-968A-565701204D88}"
EndProject
Project("{FAE04EC0-301F-11D3-BF4B-00C04F79EFBC}") = "Blog.Api", "Blog\Blog.Api\Blog.Api.csproj", "{C2046C5B-1804-4427-93B7-534BF74396E6}"
EndProject
Global
	GlobalSection(SolutionConfigurationPlatforms) = preSolution
		Debug|Any CPU = Debug|Any CPU
		Release|Any CPU = Release|Any CPU
	EndGlobalSection
	GlobalSection(ProjectConfigurationPlatforms) = postSolution
		{C2046C5B-1804-4427-93B7-534BF74396E6}.Debug|Any CPU.ActiveCfg = Debug|Any CPU
		{C2046C5B-1804-4427-93B7-534BF74396E6}.Debug|Any CPU.Build.0 = Debug|Any CPU
		{C2046C5B-1804-4427-93B7-534BF74396E6}.Release|Any CPU.ActiveCfg = Release|Any CPU
		{C2046C5B-1804-4427-93B7-534BF74396E6}.Release|Any CPU.Build.0 = Release|Any CPU
	EndGlobalSection
	GlobalSection(SolutionProperties) = preSolution
		HideSolutionNode = FALSE
	EndGlobalSection
	GlobalSection(NestedProjects) = preSolution
		{C2046C5B-1804-4427-93B7-534BF74396E6} = {05AB21E9-7CE5-4B33-968A-565701204D88}
	EndGlobalSection
	GlobalSection(ExtensibilityGlobals) = postSolution
		SolutionGuid = {06321461-78A9-4447-882E-92922149C756}
	EndGlobalSection
EndGlobal
